
Microsoft Visual Studio Solution File, Format Version 12.00
# Visual Studio Version 17
VisualStudioVersion = 17.6.33723.286
MinimumVisualStudioVersion = 10.0.40219.1
Project("{FAE04EC0-301F-11D3-BF4B-00C04F79EFBC}") = "CryptocurrencyPriceTracker_API", "CryptocurrencyPriceTracker_API\CryptocurrencyPriceTracker_API.csproj", "{CA7121BD-F0DD-436B-9E5A-5241813837AD}"
EndProject
Global
	GlobalSection(SolutionConfigurationPlatforms) = preSolution
		Debug|Any CPU = Debug|Any CPU
		Release|Any CPU = Release|Any CPU
	EndGlobalSection
	GlobalSection(ProjectConfigurationPlatforms) = postSolution
		{CA7121BD-F0DD-436B-9E5A-5241813837AD}.Debug|Any CPU.ActiveCfg = Debug|Any CPU
		{CA7121BD-F0DD-436B-9E5A-5241813837AD}.Debug|Any CPU.Build.0 = Debug|Any CPU
		{CA7121BD-F0DD-436B-9E5A-5241813837AD}.Release|Any CPU.ActiveCfg = Release|Any CPU
		{CA7121BD-F0DD-436B-9E5A-5241813837AD}.Release|Any CPU.Build.0 = Release|Any CPU
	EndGlobalSection
	GlobalSection(SolutionProperties) = preSolution
		HideSolutionNode = FALSE
	EndGlobalSection
	GlobalSection(ExtensibilityGlobals) = postSolution
		SolutionGuid = {3004E089-56B7-4F64-905B-E817ACAB4A12}
	EndGlobalSection
EndGlobal
